
Microsoft Visual Studio Solution File, Format Version 12.00
# Visual Studio Version 17
VisualStudioVersion = 17.14.36511.14
MinimumVisualStudioVersion = 10.0.40219.1
Project("{2150E333-8FDC-42A3-9474-1A3956D46DE8}") = "src", "src", "{827E0CD3-B72D-47B6-A68D-7590B98EB39B}"
EndProject
Project("{FAE04EC0-301F-11D3-BF4B-00C04F79EFBC}") = "Devices.Abstractions", "src\Devices.Abstractions\Devices.Abstractions.csproj", "{DF2413E9-444C-424D-8BC5-BECA20CDCA07}"
EndProject
Project("{FAE04EC0-301F-11D3-BF4B-00C04F79EFBC}") = "Devices.Transport.Abstractions", "src\Devices.Transport.Abstractions\Devices.Transport.Abstractions.csproj", "{1DC6565D-745E-443B-B04C-7573A5F4F7AE}"
EndProject
Project("{FAE04EC0-301F-11D3-BF4B-00C04F79EFBC}") = "Devices.Core", "src\Devices.Core\Devices.Core.csproj", "{0B1287B1-A6F8-427E-B3C5-B3740C3C461C}"
EndProject
Project("{FAE04EC0-301F-11D3-BF4B-00C04F79EFBC}") = "Devices.Camera.Abstractions", "src\Devices.Camera.Abstractions\Devices.Camera.Abstractions.csproj", "{252FF044-2CE8-4596-A52C-D0F36CDF7F8C}"
EndProject
Project("{FAE04EC0-301F-11D3-BF4B-00C04F79EFBC}") = "Devices.Printer.Abstractions", "src\Devices.Printer.Abstractions\Devices.Printer.Abstractions.csproj", "{B5C4B760-74B6-45A0-8B55-D8C336CD1FAC}"
EndProject
Project("{FAE04EC0-301F-11D3-BF4B-00C04F79EFBC}") = "Devices.Gate.Abstractions", "src\Devices.Gate.Abstractions\Devices.Gate.Abstractions.csproj", "{39419615-A908-4721-9AC5-D21CF778D68F}"
EndProject
Project("{FAE04EC0-301F-11D3-BF4B-00C04F79EFBC}") = "Devices.Transport.Tcp", "src\Devices.Transport.Tcp\Devices.Transport.Tcp.csproj", "{EF805AD8-FA43-4C5A-BC2B-18151C17CB20}"
EndProject
Project("{FAE04EC0-301F-11D3-BF4B-00C04F79EFBC}") = "Devices.Transport.Serial", "src\Devices.Transport.Serial\Devices.Transport.Serial.csproj", "{21FF1192-A934-4041-A736-644F95924287}"
EndProject
Project("{2150E333-8FDC-42A3-9474-1A3956D46DE8}") = "apps", "apps", "{1787FE1D-075E-9E68-7218-25F1BD1BBEAB}"
EndProject
Project("{FAE04EC0-301F-11D3-BF4B-00C04F79EFBC}") = "Devices.Host.Worker", "apps\Devices.Host.Worker\Devices.Host.Worker.csproj", "{94C4C8A8-02CF-460B-837D-185DF6042A12}"
EndProject
Project("{FAE04EC0-301F-11D3-BF4B-00C04F79EFBC}") = "Devices.Host.Cli", "apps\Devices.Host.Cli\Devices.Host.Cli.csproj", "{1CB42E95-ADCE-4F1A-B148-8AE67FC34562}"
EndProject
Project("{2150E333-8FDC-42A3-9474-1A3956D46DE8}") = "Plugins", "Plugins", "{58D3A2C3-F96F-5E57-2C6B-ECE59D6A18FC}"
EndProject
Project("{2150E333-8FDC-42A3-9474-1A3956D46DE8}") = "Cameras", "Cameras", "{86AAC442-7CBC-700B-09B2-38A4293DD2F8}"
EndProject
Project("{FAE04EC0-301F-11D3-BF4B-00C04F79EFBC}") = "Devices.Camera.AcmeX", "src\Plugins\Cameras\Devices.Camera.AcmeX\Devices.Camera.AcmeX.csproj", "{13C5E740-F195-424F-BE1B-3C2B8C49CD2D}"
EndProject
Project("{FAE04EC0-301F-11D3-BF4B-00C04F79EFBC}") = "Devices.Printer.ZebraZ", "src\Plugins\Printers\Devices.Printer.ZebraZ\Devices.Printer.ZebraZ.csproj", "{3E84DF49-7E55-4238-B767-A813C23AF522}"
EndProject
Project("{FAE04EC0-301F-11D3-BF4B-00C04F79EFBC}") = "Devices.Gate.BarrierV1", "src\Plugins\Gates\Devices.Gate.BarrierV1\Devices.Gate.BarrierV1.csproj", "{6611BB5B-5A78-4B38-BC7C-65E2E98A65E7}"
EndProject
Project("{FAE04EC0-301F-11D3-BF4B-00C04F79EFBC}") = "Devices.Transport.Sdk", "src\Devices.Transport.Sdk\Devices.Transport.Sdk.csproj", "{B6C4F5CC-C83E-4450-9503-E76A9A63356E}"
EndProject
Project("{2150E333-8FDC-42A3-9474-1A3956D46DE8}") = "SDKs", "SDKs", "{6834D681-40B1-E83F-DE76-7660F57814DB}"
EndProject
Project("{2150E333-8FDC-42A3-9474-1A3956D46DE8}") = "Logitech", "Logitech", "{E7CB06E2-B910-131A-BB36-1DBC72F406B8}"
EndProject
Project("{FAE04EC0-301F-11D3-BF4B-00C04F79EFBC}") = "Devices.Camera.LogitechC270", "src\SDKs\Logitech\Devices.Camera.LogitechC270\Devices.Camera.LogitechC270.csproj", "{4B289770-D7A4-4318-A005-AF659A93FBC8}"
EndProject
Global
	GlobalSection(SolutionConfigurationPlatforms) = preSolution
		Debug|Any CPU = Debug|Any CPU
		Debug|x64 = Debug|x64
		Debug|x86 = Debug|x86
		Release|Any CPU = Release|Any CPU
		Release|x64 = Release|x64
		Release|x86 = Release|x86
	EndGlobalSection
	GlobalSection(ProjectConfigurationPlatforms) = postSolution
		{DF2413E9-444C-424D-8BC5-BECA20CDCA07}.Debug|Any CPU.ActiveCfg = Debug|Any CPU
		{DF2413E9-444C-424D-8BC5-BECA20CDCA07}.Debug|Any CPU.Build.0 = Debug|Any CPU
		{DF2413E9-444C-424D-8BC5-BECA20CDCA07}.Debug|x64.ActiveCfg = Debug|Any CPU
		{DF2413E9-444C-424D-8BC5-BECA20CDCA07}.Debug|x64.Build.0 = Debug|Any CPU
		{DF2413E9-444C-424D-8BC5-BECA20CDCA07}.Debug|x86.ActiveCfg = Debug|Any CPU
		{DF2413E9-444C-424D-8BC5-BECA20CDCA07}.Debug|x86.Build.0 = Debug|Any CPU
		{DF2413E9-444C-424D-8BC5-BECA20CDCA07}.Release|Any CPU.ActiveCfg = Release|Any CPU
		{DF2413E9-444C-424D-8BC5-BECA20CDCA07}.Release|Any CPU.Build.0 = Release|Any CPU
		{DF2413E9-444C-424D-8BC5-BECA20CDCA07}.Release|x64.ActiveCfg = Release|Any CPU
		{DF2413E9-444C-424D-8BC5-BECA20CDCA07}.Release|x64.Build.0 = Release|Any CPU
		{DF2413E9-444C-424D-8BC5-BECA20CDCA07}.Release|x86.ActiveCfg = Release|Any CPU
		{DF2413E9-444C-424D-8BC5-BECA20CDCA07}.Release|x86.Build.0 = Release|Any CPU
		{1DC6565D-745E-443B-B04C-7573A5F4F7AE}.Debug|Any CPU.ActiveCfg = Debug|Any CPU
		{1DC6565D-745E-443B-B04C-7573A5F4F7AE}.Debug|Any CPU.Build.0 = Debug|Any CPU
		{1DC6565D-745E-443B-B04C-7573A5F4F7AE}.Debug|x64.ActiveCfg = Debug|Any CPU
		{1DC6565D-745E-443B-B04C-7573A5F4F7AE}.Debug|x64.Build.0 = Debug|Any CPU
		{1DC6565D-745E-443B-B04C-7573A5F4F7AE}.Debug|x86.ActiveCfg = Debug|Any CPU
		{1DC6565D-745E-443B-B04C-7573A5F4F7AE}.Debug|x86.Build.0 = Debug|Any CPU
		{1DC6565D-745E-443B-B04C-7573A5F4F7AE}.Release|Any CPU.ActiveCfg = Release|Any CPU
		{1DC6565D-745E-443B-B04C-7573A5F4F7AE}.Release|Any CPU.Build.0 = Release|Any CPU
		{1DC6565D-745E-443B-B04C-7573A5F4F7AE}.Release|x64.ActiveCfg = Release|Any CPU
		{1DC6565D-745E-443B-B04C-7573A5F4F7AE}.Release|x64.Build.0 = Release|Any CPU
		{1DC6565D-745E-443B-B04C-7573A5F4F7AE}.Release|x86.ActiveCfg = Release|Any CPU
		{1DC6565D-745E-443B-B04C-7573A5F4F7AE}.Release|x86.Build.0 = Release|Any CPU
		{0B1287B1-A6F8-427E-B3C5-B3740C3C461C}.Debug|Any CPU.ActiveCfg = Debug|Any CPU
		{0B1287B1-A6F8-427E-B3C5-B3740C3C461C}.Debug|Any CPU.Build.0 = Debug|Any CPU
		{0B1287B1-A6F8-427E-B3C5-B3740C3C461C}.Debug|x64.ActiveCfg = Debug|Any CPU
		{0B1287B1-A6F8-427E-B3C5-B3740C3C461C}.Debug|x64.Build.0 = Debug|Any CPU
		{0B1287B1-A6F8-427E-B3C5-B3740C3C461C}.Debug|x86.ActiveCfg = Debug|Any CPU
		{0B1287B1-A6F8-427E-B3C5-B3740C3C461C}.Debug|x86.Build.0 = Debug|Any CPU
		{0B1287B1-A6F8-427E-B3C5-B3740C3C461C}.Release|Any CPU.ActiveCfg = Release|Any CPU
		{0B1287B1-A6F8-427E-B3C5-B3740C3C461C}.Release|Any CPU.Build.0 = Release|Any CPU
		{0B1287B1-A6F8-427E-B3C5-B3740C3C461C}.Release|x64.ActiveCfg = Release|Any CPU
		{0B1287B1-A6F8-427E-B3C5-B3740C3C461C}.Release|x64.Build.0 = Release|Any CPU
		{0B1287B1-A6F8-427E-B3C5-B3740C3C461C}.Release|x86.ActiveCfg = Release|Any CPU
		{0B1287B1-A6F8-427E-B3C5-B3740C3C461C}.Release|x86.Build.0 = Release|Any CPU
		{252FF044-2CE8-4596-A52C-D0F36CDF7F8C}.Debug|Any CPU.ActiveCfg = Debug|Any CPU
		{252FF044-2CE8-4596-A52C-D0F36CDF7F8C}.Debug|Any CPU.Build.0 = Debug|Any CPU
		{252FF044-2CE8-4596-A52C-D0F36CDF7F8C}.Debug|x64.ActiveCfg = Debug|Any CPU
		{252FF044-2CE8-4596-A52C-D0F36CDF7F8C}.Debug|x64.Build.0 = Debug|Any CPU
		{252FF044-2CE8-4596-A52C-D0F36CDF7F8C}.Debug|x86.ActiveCfg = Debug|Any CPU
		{252FF044-2CE8-4596-A52C-D0F36CDF7F8C}.Debug|x86.Build.0 = Debug|Any CPU
		{252FF044-2CE8-4596-A52C-D0F36CDF7F8C}.Release|Any CPU.ActiveCfg = Release|Any CPU
		{252FF044-2CE8-4596-A52C-D0F36CDF7F8C}.Release|Any CPU.Build.0 = Release|Any CPU
		{252FF044-2CE8-4596-A52C-D0F36CDF7F8C}.Release|x64.ActiveCfg = Release|Any CPU
		{252FF044-2CE8-4596-A52C-D0F36CDF7F8C}.Release|x64.Build.0 = Release|Any CPU
		{252FF044-2CE8-4596-A52C-D0F36CDF7F8C}.Release|x86.ActiveCfg = Release|Any CPU
		{252FF044-2CE8-4596-A52C-D0F36CDF7F8C}.Release|x86.Build.0 = Release|Any CPU
		{B5C4B760-74B6-45A0-8B55-D8C336CD1FAC}.Debug|Any CPU.ActiveCfg = Debug|Any CPU
		{B5C4B760-74B6-45A0-8B55-D8C336CD1FAC}.Debug|Any CPU.Build.0 = Debug|Any CPU
		{B5C4B760-74B6-45A0-8B55-D8C336CD1FAC}.Debug|x64.ActiveCfg = Debug|Any CPU
		{B5C4B760-74B6-45A0-8B55-D8C336CD1FAC}.Debug|x64.Build.0 = Debug|Any CPU
		{B5C4B760-74B6-45A0-8B55-D8C336CD1FAC}.Debug|x86.ActiveCfg = Debug|Any CPU
		{B5C4B760-74B6-45A0-8B55-D8C336CD1FAC}.Debug|x86.Build.0 = Debug|Any CPU
		{B5C4B760-74B6-45A0-8B55-D8C336CD1FAC}.Release|Any CPU.ActiveCfg = Release|Any CPU
		{B5C4B760-74B6-45A0-8B55-D8C336CD1FAC}.Release|Any CPU.Build.0 = Release|Any CPU
		{B5C4B760-74B6-45A0-8B55-D8C336CD1FAC}.Release|x64.ActiveCfg = Release|Any CPU
		{B5C4B760-74B6-45A0-8B55-D8C336CD1FAC}.Release|x64.Build.0 = Release|Any CPU
		{B5C4B760-74B6-45A0-8B55-D8C336CD1FAC}.Release|x86.ActiveCfg = Release|Any CPU
		{B5C4B760-74B6-45A0-8B55-D8C336CD1FAC}.Release|x86.Build.0 = Release|Any CPU
		{39419615-A908-4721-9AC5-D21CF778D68F}.Debug|Any CPU.ActiveCfg = Debug|Any CPU
		{39419615-A908-4721-9AC5-D21CF778D68F}.Debug|Any CPU.Build.0 = Debug|Any CPU
		{39419615-A908-4721-9AC5-D21CF778D68F}.Debug|x64.ActiveCfg = Debug|Any CPU
		{39419615-A908-4721-9AC5-D21CF778D68F}.Debug|x64.Build.0 = Debug|Any CPU
		{39419615-A908-4721-9AC5-D21CF778D68F}.Debug|x86.ActiveCfg = Debug|Any CPU
		{39419615-A908-4721-9AC5-D21CF778D68F}.Debug|x86.Build.0 = Debug|Any CPU
		{39419615-A908-4721-9AC5-D21CF778D68F}.Release|Any CPU.ActiveCfg = Release|Any CPU
		{39419615-A908-4721-9AC5-D21CF778D68F}.Release|Any CPU.Build.0 = Release|Any CPU
		{39419615-A908-4721-9AC5-D21CF778D68F}.Release|x64.ActiveCfg = Release|Any CPU
		{39419615-A908-4721-9AC5-D21CF778D68F}.Release|x64.Build.0 = Release|Any CPU
		{39419615-A908-4721-9AC5-D21CF778D68F}.Release|x86.ActiveCfg = Release|Any CPU
		{39419615-A908-4721-9AC5-D21CF778D68F}.Release|x86.Build.0 = Release|Any CPU
		{EF805AD8-FA43-4C5A-BC2B-18151C17CB20}.Debug|Any CPU.ActiveCfg = Debug|Any CPU
		{EF805AD8-FA43-4C5A-BC2B-18151C17CB20}.Debug|Any CPU.Build.0 = Debug|Any CPU
		{EF805AD8-FA43-4C5A-BC2B-18151C17CB20}.Debug|x64.ActiveCfg = Debug|Any CPU
		{EF805AD8-FA43-4C5A-BC2B-18151C17CB20}.Debug|x64.Build.0 = Debug|Any CPU
		{EF805AD8-FA43-4C5A-BC2B-18151C17CB20}.Debug|x86.ActiveCfg = Debug|Any CPU
		{EF805AD8-FA43-4C5A-BC2B-18151C17CB20}.Debug|x86.Build.0 = Debug|Any CPU
		{EF805AD8-FA43-4C5A-BC2B-18151C17CB20}.Release|Any CPU.ActiveCfg = Release|Any CPU
		{EF805AD8-FA43-4C5A-BC2B-18151C17CB20}.Release|Any CPU.Build.0 = Release|Any CPU
		{EF805AD8-FA43-4C5A-BC2B-18151C17CB20}.Release|x64.ActiveCfg = Release|Any CPU
		{EF805AD8-FA43-4C5A-BC2B-18151C17CB20}.Release|x64.Build.0 = Release|Any CPU
		{EF805AD8-FA43-4C5A-BC2B-18151C17CB20}.Release|x86.ActiveCfg = Release|Any CPU
		{EF805AD8-FA43-4C5A-BC2B-18151C17CB20}.Release|x86.Build.0 = Release|Any CPU
		{21FF1192-A934-4041-A736-644F95924287}.Debug|Any CPU.ActiveCfg = Debug|Any CPU
		{21FF1192-A934-4041-A736-644F95924287}.Debug|Any CPU.Build.0 = Debug|Any CPU
		{21FF1192-A934-4041-A736-644F95924287}.Debug|x64.ActiveCfg = Debug|Any CPU
		{21FF1192-A934-4041-A736-644F95924287}.Debug|x64.Build.0 = Debug|Any CPU
		{21FF1192-A934-4041-A736-644F95924287}.Debug|x86.ActiveCfg = Debug|Any CPU
		{21FF1192-A934-4041-A736-644F95924287}.Debug|x86.Build.0 = Debug|Any CPU
		{21FF1192-A934-4041-A736-644F95924287}.Release|Any CPU.ActiveCfg = Release|Any CPU
		{21FF1192-A934-4041-A736-644F95924287}.Release|Any CPU.Build.0 = Release|Any CPU
		{21FF1192-A934-4041-A736-644F95924287}.Release|x64.ActiveCfg = Release|Any CPU
		{21FF1192-A934-4041-A736-644F95924287}.Release|x64.Build.0 = Release|Any CPU
		{21FF1192-A934-4041-A736-644F95924287}.Release|x86.ActiveCfg = Release|Any CPU
		{21FF1192-A934-4041-A736-644F95924287}.Release|x86.Build.0 = Release|Any CPU
		{94C4C8A8-02CF-460B-837D-185DF6042A12}.Debug|Any CPU.ActiveCfg = Debug|Any CPU
		{94C4C8A8-02CF-460B-837D-185DF6042A12}.Debug|Any CPU.Build.0 = Debug|Any CPU
		{94C4C8A8-02CF-460B-837D-185DF6042A12}.Debug|x64.ActiveCfg = Debug|Any CPU
		{94C4C8A8-02CF-460B-837D-185DF6042A12}.Debug|x64.Build.0 = Debug|Any CPU
		{94C4C8A8-02CF-460B-837D-185DF6042A12}.Debug|x86.ActiveCfg = Debug|Any CPU
		{94C4C8A8-02CF-460B-837D-185DF6042A12}.Debug|x86.Build.0 = Debug|Any CPU
		{94C4C8A8-02CF-460B-837D-185DF6042A12}.Release|Any CPU.ActiveCfg = Release|Any CPU
		{94C4C8A8-02CF-460B-837D-185DF6042A12}.Release|Any CPU.Build.0 = Release|Any CPU
		{94C4C8A8-02CF-460B-837D-185DF6042A12}.Release|x64.ActiveCfg = Release|Any CPU
		{94C4C8A8-02CF-460B-837D-185DF6042A12}.Release|x64.Build.0 = Release|Any CPU
		{94C4C8A8-02CF-460B-837D-185DF6042A12}.Release|x86.ActiveCfg = Release|Any CPU
		{94C4C8A8-02CF-460B-837D-185DF6042A12}.Release|x86.Build.0 = Release|Any CPU
		{1CB42E95-ADCE-4F1A-B148-8AE67FC34562}.Debug|Any CPU.ActiveCfg = Debug|Any CPU
		{1CB42E95-ADCE-4F1A-B148-8AE67FC34562}.Debug|Any CPU.Build.0 = Debug|Any CPU
		{1CB42E95-ADCE-4F1A-B148-8AE67FC34562}.Debug|x64.ActiveCfg = Debug|Any CPU
		{1CB42E95-ADCE-4F1A-B148-8AE67FC34562}.Debug|x64.Build.0 = Debug|Any CPU
		{1CB42E95-ADCE-4F1A-B148-8AE67FC34562}.Debug|x86.ActiveCfg = Debug|Any CPU
		{1CB42E95-ADCE-4F1A-B148-8AE67FC34562}.Debug|x86.Build.0 = Debug|Any CPU
		{1CB42E95-ADCE-4F1A-B148-8AE67FC34562}.Release|Any CPU.ActiveCfg = Release|Any CPU
		{1CB42E95-ADCE-4F1A-B148-8AE67FC34562}.Release|Any CPU.Build.0 = Release|Any CPU
		{1CB42E95-ADCE-4F1A-B148-8AE67FC34562}.Release|x64.ActiveCfg = Release|Any CPU
		{1CB42E95-ADCE-4F1A-B148-8AE67FC34562}.Release|x64.Build.0 = Release|Any CPU
		{1CB42E95-ADCE-4F1A-B148-8AE67FC34562}.Release|x86.ActiveCfg = Release|Any CPU
		{1CB42E95-ADCE-4F1A-B148-8AE67FC34562}.Release|x86.Build.0 = Release|Any CPU
		{13C5E740-F195-424F-BE1B-3C2B8C49CD2D}.Debug|Any CPU.ActiveCfg = Debug|Any CPU
		{13C5E740-F195-424F-BE1B-3C2B8C49CD2D}.Debug|Any CPU.Build.0 = Debug|Any CPU
		{13C5E740-F195-424F-BE1B-3C2B8C49CD2D}.Debug|x64.ActiveCfg = Debug|Any CPU
		{13C5E740-F195-424F-BE1B-3C2B8C49CD2D}.Debug|x64.Build.0 = Debug|Any CPU
		{13C5E740-F195-424F-BE1B-3C2B8C49CD2D}.Debug|x86.ActiveCfg = Debug|Any CPU
		{13C5E740-F195-424F-BE1B-3C2B8C49CD2D}.Debug|x86.Build.0 = Debug|Any CPU
		{13C5E740-F195-424F-BE1B-3C2B8C49CD2D}.Release|Any CPU.ActiveCfg = Release|Any CPU
		{13C5E740-F195-424F-BE1B-3C2B8C49CD2D}.Release|Any CPU.Build.0 = Release|Any CPU
		{13C5E740-F195-424F-BE1B-3C2B8C49CD2D}.Release|x64.ActiveCfg = Release|Any CPU
		{13C5E740-F195-424F-BE1B-3C2B8C49CD2D}.Release|x64.Build.0 = Release|Any CPU
		{13C5E740-F195-424F-BE1B-3C2B8C49CD2D}.Release|x86.ActiveCfg = Release|Any CPU
		{13C5E740-F195-424F-BE1B-3C2B8C49CD2D}.Release|x86.Build.0 = Release|Any CPU
		{3E84DF49-7E55-4238-B767-A813C23AF522}.Debug|Any CPU.ActiveCfg = Debug|Any CPU
		{3E84DF49-7E55-4238-B767-A813C23AF522}.Debug|Any CPU.Build.0 = Debug|Any CPU
		{3E84DF49-7E55-4238-B767-A813C23AF522}.Debug|x64.ActiveCfg = Debug|Any CPU
		{3E84DF49-7E55-4238-B767-A813C23AF522}.Debug|x64.Build.0 = Debug|Any CPU
		{3E84DF49-7E55-4238-B767-A813C23AF522}.Debug|x86.ActiveCfg = Debug|Any CPU
		{3E84DF49-7E55-4238-B767-A813C23AF522}.Debug|x86.Build.0 = Debug|Any CPU
		{3E84DF49-7E55-4238-B767-A813C23AF522}.Release|Any CPU.ActiveCfg = Release|Any CPU
		{3E84DF49-7E55-4238-B767-A813C23AF522}.Release|Any CPU.Build.0 = Release|Any CPU
		{3E84DF49-7E55-4238-B767-A813C23AF522}.Release|x64.ActiveCfg = Release|Any CPU
		{3E84DF49-7E55-4238-B767-A813C23AF522}.Release|x64.Build.0 = Release|Any CPU
		{3E84DF49-7E55-4238-B767-A813C23AF522}.Release|x86.ActiveCfg = Release|Any CPU
		{3E84DF49-7E55-4238-B767-A813C23AF522}.Release|x86.Build.0 = Release|Any CPU
		{6611BB5B-5A78-4B38-BC7C-65E2E98A65E7}.Debug|Any CPU.ActiveCfg = Debug|Any CPU
		{6611BB5B-5A78-4B38-BC7C-65E2E98A65E7}.Debug|Any CPU.Build.0 = Debug|Any CPU
		{6611BB5B-5A78-4B38-BC7C-65E2E98A65E7}.Debug|x64.ActiveCfg = Debug|Any CPU
		{6611BB5B-5A78-4B38-BC7C-65E2E98A65E7}.Debug|x64.Build.0 = Debug|Any CPU
		{6611BB5B-5A78-4B38-BC7C-65E2E98A65E7}.Debug|x86.ActiveCfg = Debug|Any CPU
		{6611BB5B-5A78-4B38-BC7C-65E2E98A65E7}.Debug|x86.Build.0 = Debug|Any CPU
		{6611BB5B-5A78-4B38-BC7C-65E2E98A65E7}.Release|Any CPU.ActiveCfg = Release|Any CPU
		{6611BB5B-5A78-4B38-BC7C-65E2E98A65E7}.Release|Any CPU.Build.0 = Release|Any CPU
		{6611BB5B-5A78-4B38-BC7C-65E2E98A65E7}.Release|x64.ActiveCfg = Release|Any CPU
		{6611BB5B-5A78-4B38-BC7C-65E2E98A65E7}.Release|x64.Build.0 = Release|Any CPU
		{6611BB5B-5A78-4B38-BC7C-65E2E98A65E7}.Release|x86.ActiveCfg = Release|Any CPU
		{6611BB5B-5A78-4B38-BC7C-65E2E98A65E7}.Release|x86.Build.0 = Release|Any CPU
		{B6C4F5CC-C83E-4450-9503-E76A9A63356E}.Debug|Any CPU.ActiveCfg = Debug|Any CPU
		{B6C4F5CC-C83E-4450-9503-E76A9A63356E}.Debug|Any CPU.Build.0 = Debug|Any CPU
		{B6C4F5CC-C83E-4450-9503-E76A9A63356E}.Debug|x64.ActiveCfg = Debug|Any CPU
		{B6C4F5CC-C83E-4450-9503-E76A9A63356E}.Debug|x64.Build.0 = Debug|Any CPU
		{B6C4F5CC-C83E-4450-9503-E76A9A63356E}.Debug|x86.ActiveCfg = Debug|Any CPU
		{B6C4F5CC-C83E-4450-9503-E76A9A63356E}.Debug|x86.Build.0 = Debug|Any CPU
		{B6C4F5CC-C83E-4450-9503-E76A9A63356E}.Release|Any CPU.ActiveCfg = Release|Any CPU
		{B6C4F5CC-C83E-4450-9503-E76A9A63356E}.Release|Any CPU.Build.0 = Release|Any CPU
		{B6C4F5CC-C83E-4450-9503-E76A9A63356E}.Release|x64.ActiveCfg = Release|Any CPU
		{B6C4F5CC-C83E-4450-9503-E76A9A63356E}.Release|x64.Build.0 = Release|Any CPU
		{B6C4F5CC-C83E-4450-9503-E76A9A63356E}.Release|x86.ActiveCfg = Release|Any CPU
		{B6C4F5CC-C83E-4450-9503-E76A9A63356E}.Release|x86.Build.0 = Release|Any CPU
		{4B289770-D7A4-4318-A005-AF659A93FBC8}.Debug|Any CPU.ActiveCfg = Debug|Any CPU
		{4B289770-D7A4-4318-A005-AF659A93FBC8}.Debug|Any CPU.Build.0 = Debug|Any CPU
		{4B289770-D7A4-4318-A005-AF659A93FBC8}.Debug|x64.ActiveCfg = Debug|Any CPU
		{4B289770-D7A4-4318-A005-AF659A93FBC8}.Debug|x64.Build.0 = Debug|Any CPU
		{4B289770-D7A4-4318-A005-AF659A93FBC8}.Debug|x86.ActiveCfg = Debug|Any CPU
		{4B289770-D7A4-4318-A005-AF659A93FBC8}.Debug|x86.Build.0 = Debug|Any CPU
		{4B289770-D7A4-4318-A005-AF659A93FBC8}.Release|Any CPU.ActiveCfg = Release|Any CPU
		{4B289770-D7A4-4318-A005-AF659A93FBC8}.Release|Any CPU.Build.0 = Release|Any CPU
		{4B289770-D7A4-4318-A005-AF659A93FBC8}.Release|x64.ActiveCfg = Release|Any CPU
		{4B289770-D7A4-4318-A005-AF659A93FBC8}.Release|x64.Build.0 = Release|Any CPU
		{4B289770-D7A4-4318-A005-AF659A93FBC8}.Release|x86.ActiveCfg = Release|Any CPU
		{4B289770-D7A4-4318-A005-AF659A93FBC8}.Release|x86.Build.0 = Release|Any CPU
	EndGlobalSection
	GlobalSection(SolutionProperties) = preSolution
		HideSolutionNode = FALSE
	EndGlobalSection
	GlobalSection(NestedProjects) = preSolution
		{DF2413E9-444C-424D-8BC5-BECA20CDCA07} = {827E0CD3-B72D-47B6-A68D-7590B98EB39B}
		{1DC6565D-745E-443B-B04C-7573A5F4F7AE} = {827E0CD3-B72D-47B6-A68D-7590B98EB39B}
		{0B1287B1-A6F8-427E-B3C5-B3740C3C461C} = {827E0CD3-B72D-47B6-A68D-7590B98EB39B}
		{252FF044-2CE8-4596-A52C-D0F36CDF7F8C} = {827E0CD3-B72D-47B6-A68D-7590B98EB39B}
		{B5C4B760-74B6-45A0-8B55-D8C336CD1FAC} = {827E0CD3-B72D-47B6-A68D-7590B98EB39B}
		{39419615-A908-4721-9AC5-D21CF778D68F} = {827E0CD3-B72D-47B6-A68D-7590B98EB39B}
		{EF805AD8-FA43-4C5A-BC2B-18151C17CB20} = {827E0CD3-B72D-47B6-A68D-7590B98EB39B}
		{21FF1192-A934-4041-A736-644F95924287} = {827E0CD3-B72D-47B6-A68D-7590B98EB39B}
		{94C4C8A8-02CF-460B-837D-185DF6042A12} = {1787FE1D-075E-9E68-7218-25F1BD1BBEAB}
		{1CB42E95-ADCE-4F1A-B148-8AE67FC34562} = {1787FE1D-075E-9E68-7218-25F1BD1BBEAB}
		{58D3A2C3-F96F-5E57-2C6B-ECE59D6A18FC} = {827E0CD3-B72D-47B6-A68D-7590B98EB39B}
		{86AAC442-7CBC-700B-09B2-38A4293DD2F8} = {58D3A2C3-F96F-5E57-2C6B-ECE59D6A18FC}
		{13C5E740-F195-424F-BE1B-3C2B8C49CD2D} = {86AAC442-7CBC-700B-09B2-38A4293DD2F8}
		{3E84DF49-7E55-4238-B767-A813C23AF522} = {86AAC442-7CBC-700B-09B2-38A4293DD2F8}
		{6611BB5B-5A78-4B38-BC7C-65E2E98A65E7} = {86AAC442-7CBC-700B-09B2-38A4293DD2F8}
		{B6C4F5CC-C83E-4450-9503-E76A9A63356E} = {827E0CD3-B72D-47B6-A68D-7590B98EB39B}
		{6834D681-40B1-E83F-DE76-7660F57814DB} = {827E0CD3-B72D-47B6-A68D-7590B98EB39B}
		{E7CB06E2-B910-131A-BB36-1DBC72F406B8} = {6834D681-40B1-E83F-DE76-7660F57814DB}
		{4B289770-D7A4-4318-A005-AF659A93FBC8} = {E7CB06E2-B910-131A-BB36-1DBC72F406B8}
	EndGlobalSection
	GlobalSection(ExtensibilityGlobals) = postSolution
		SolutionGuid = {BC64212E-F95A-4BD0-A7EA-A1CB7158DD6C}
	EndGlobalSection
EndGlobal
